// !$*UTF8*$!
{
	archiveVersion = 1;
	classes = {
	};
	objectVersion = 50;
	objects = {

/* Begin PBXBuildFile section */
		92F0B1E621C8CE7500F55FC3 /* AppDelegate.m in Sources */ = {isa = PBXBuildFile; fileRef = 92F0B1E521C8CE7500F55FC3 /* AppDelegate.m */; };
		92F0B1E921C8CE7500F55FC3 /* ViewController.m in Sources */ = {isa = PBXBuildFile; fileRef = 92F0B1E821C8CE7500F55FC3 /* ViewController.m */; };
		92F0B1EC21C8CE7500F55FC3 /* Main.storyboard in Resources */ = {isa = PBXBuildFile; fileRef = 92F0B1EA21C8CE7500F55FC3 /* Main.storyboard */; };
		92F0B1EE21C8CE7600F55FC3 /* Assets.xcassets in Resources */ = {isa = PBXBuildFile; fileRef = 92F0B1ED21C8CE7600F55FC3 /* Assets.xcassets */; };
		92F0B1F121C8CE7600F55FC3 /* LaunchScreen.storyboard in Resources */ = {isa = PBXBuildFile; fileRef = 92F0B1EF21C8CE7600F55FC3 /* LaunchScreen.storyboard */; };
		92F0B1F421C8CE7600F55FC3 /* main.m in Sources */ = {isa = PBXBuildFile; fileRef = 92F0B1F321C8CE7600F55FC3 /* main.m */; };
		92F0B1FE21C8CE7600F55FC3 /* DJXResponChainTextTests.m in Sources */ = {isa = PBXBuildFile; fileRef = 92F0B1FD21C8CE7600F55FC3 /* DJXResponChainTextTests.m */; };
		92F0B20921C8CE7600F55FC3 /* DJXResponChainTextUITests.m in Sources */ = {isa = PBXBuildFile; fileRef = 92F0B20821C8CE7600F55FC3 /* DJXResponChainTextUITests.m */; };
/* End PBXBuildFile section */

/* Begin PBXContainerItemProxy section */
		92F0B1FA21C8CE7600F55FC3 /* PBXContainerItemProxy */ = {
			isa = PBXContainerItemProxy;
			containerPortal = 92F0B1D921C8CE7500F55FC3 /* Project object */;
			proxyType = 1;
			remoteGlobalIDString = 92F0B1E021C8CE7500F55FC3;
			remoteInfo = DJXResponChainText;
		};
		92F0B20521C8CE7600F55FC3 /* PBXContainerItemProxy */ = {
			isa = PBXContainerItemProxy;
			containerPortal = 92F0B1D921C8CE7500F55FC3 /* Project object */;
			proxyType = 1;
			remoteGlobalIDString = 92F0B1E021C8CE7500F55FC3;
			remoteInfo = DJXResponChainText;
		};
/* End PBXContainerItemProxy section */

/* Begin PBXFileReference section */
		92F0B1E121C8CE7500F55FC3 /* DJXResponChainText.app */ = {isa = PBXFileReference; explicitFileType = wrapper.application; includeInIndex = 0; path = DJXResponChainText.app; sourceTree = BUILT_PRODUCTS_DIR; };
		92F0B1E421C8CE7500F55FC3 /* AppDelegate.h */ = {isa = PBXFileReference; lastKnownFileType = sourcecode.c.h; path = AppDelegate.h; sourceTree = "<group>"; };
		92F0B1E521C8CE7500F55FC3 /* AppDelegate.m */ = {isa = PBXFileReference; lastKnownFileType = sourcecode.c.objc; path = AppDelegate.m; sourceTree = "<group>"; };
		92F0B1E721C8CE7500F55FC3 /* ViewController.h */ = {isa = PBXFileReference; lastKnownFileType = sourcecode.c.h; path = ViewController.h; sourceTree = "<group>"; };
		92F0B1E821C8CE7500F55FC3 /* ViewController.m */ = {isa = PBXFileReference; lastKnownFileType = sourcecode.c.objc; path = ViewController.m; sourceTree = "<group>"; };
		92F0B1EB21C8CE7500F55FC3 /* Base */ = {isa = PBXFileReference; lastKnownFileType = file.storyboard; name = Base; path = Base.lproj/Main.storyboard; sourceTree = "<group>"; };
		92F0B1ED21C8CE7600F55FC3 /* Assets.xcassets */ = {isa = PBXFileReference; lastKnownFileType = folder.assetcatalog; path = Assets.xcassets; sourceTree = "<group>"; };
		92F0B1F021C8CE7600F55FC3 /* Base */ = {isa = PBXFileReference; lastKnownFileType = file.storyboard; name = Base; path = Base.lproj/LaunchScreen.storyboard; sourceTree = "<group>"; };
		92F0B1F221C8CE7600F55FC3 /* Info.plist */ = {isa = PBXFileReference; lastKnownFileType = text.plist.xml; path = Info.plist; sourceTree = "<group>"; };
		92F0B1F321C8CE7600F55FC3 /* main.m */ = {isa = PBXFileReference; lastKnownFileType = sourcecode.c.objc; path = main.m; sourceTree = "<group>"; };
		92F0B1F921C8CE7600F55FC3 /* DJXResponChainTextTests.xctest */ = {isa = PBXFileReference; explicitFileType = wrapper.cfbundle; includeInIndex = 0; path = DJXResponChainTextTests.xctest; sourceTree = BUILT_PRODUCTS_DIR; };
		92F0B1FD21C8CE7600F55FC3 /* DJXResponChainTextTests.m */ = {isa = PBXFileReference; lastKnownFileType = sourcecode.c.objc; path = DJXResponChainTextTests.m; sourceTree = "<group>"; };
		92F0B1FF21C8CE7600F55FC3 /* Info.plist */ = {isa = PBXFileReference; lastKnownFileType = text.plist.xml; path = Info.plist; sourceTree = "<group>"; };
		92F0B20421C8CE7600F55FC3 /* DJXResponChainTextUITests.xctest */ = {isa = PBXFileReference; explicitFileType = wrapper.cfbundle; includeInIndex = 0; path = DJXResponChainTextUITests.xctest; sourceTree = BUILT_PRODUCTS_DIR; };
		92F0B20821C8CE7600F55FC3 /* DJXResponChainTextUITests.m */ = {isa = PBXFileReference; lastKnownFileType = sourcecode.c.objc; path = DJXResponChainTextUITests.m; sourceTree = "<group>"; };
		92F0B20A21C8CE7600F55FC3 /* Info.plist */ = {isa = PBXFileReference; lastKnownFileType = text.plist.xml; path = Info.plist; sourceTree = "<group>"; };
/* End PBXFileReference section */

/* Begin PBXFrameworksBuildPhase section */
		92F0B1DE21C8CE7500F55FC3 /* Frameworks */ = {
			isa = PBXFrameworksBuildPhase;
			buildActionMask = 2147483647;
			files = (
			);
			runOnlyForDeploymentPostprocessing = 0;
		};
		92F0B1F621C8CE7600F55FC3 /* Frameworks */ = {
			isa = PBXFrameworksBuildPhase;
			buildActionMask = 2147483647;
			files = (
			);
			runOnlyForDeploymentPostprocessing = 0;
		};
		92F0B20121C8CE7600F55FC3 /* Frameworks */ = {
			isa = PBXFrameworksBuildPhase;
			buildActionMask = 2147483647;
			files = (
			);
			runOnlyForDeploymentPostprocessing = 0;
		};
/* End PBXFrameworksBuildPhase section */

/* Begin PBXGroup section */
		92F0B1D821C8CE7500F55FC3 = {
			isa = PBXGroup;
			children = (
				92F0B1E321C8CE7500F55FC3 /* DJXResponChainText */,
				92F0B1FC21C8CE7600F55FC3 /* DJXResponChainTextTests */,
				92F0B20721C8CE7600F55FC3 /* DJXResponChainTextUITests */,
				92F0B1E221C8CE7500F55FC3 /* Products */,
			);
			sourceTree = "<group>";
		};
		92F0B1E221C8CE7500F55FC3 /* Products */ = {
			isa = PBXGroup;
			children = (
				92F0B1E121C8CE7500F55FC3 /* DJXResponChainText.app */,
				92F0B1F921C8CE7600F55FC3 /* DJXResponChainTextTests.xctest */,
				92F0B20421C8CE7600F55FC3 /* DJXResponChainTextUITests.xctest */,
			);
			name = Products;
			sourceTree = "<group>";
		};
		92F0B1E321C8CE7500F55FC3 /* DJXResponChainText */ = {
			isa = PBXGroup;
			children = (
				92F0B1E421C8CE7500F55FC3 /* AppDelegate.h */,
				92F0B1E521C8CE7500F55FC3 /* AppDelegate.m */,
				92F0B1E721C8CE7500F55FC3 /* ViewController.h */,
				92F0B1E821C8CE7500F55FC3 /* ViewController.m */,
				92F0B1EA21C8CE7500F55FC3 /* Main.storyboard */,
				92F0B1ED21C8CE7600F55FC3 /* Assets.xcassets */,
				92F0B1EF21C8CE7600F55FC3 /* LaunchScreen.storyboard */,
				92F0B1F221C8CE7600F55FC3 /* Info.plist */,
				92F0B1F321C8CE7600F55FC3 /* main.m */,
			);
			path = DJXResponChainText;
			sourceTree = "<group>";
		};
		92F0B1FC21C8CE7600F55FC3 /* DJXResponChainTextTests */ = {
			isa = PBXGroup;
			children = (
				92F0B1FD21C8CE7600F55FC3 /* DJXResponChainTextTests.m */,
				92F0B1FF21C8CE7600F55FC3 /* Info.plist */,
			);
			path = DJXResponChainTextTests;
			sourceTree = "<group>";
		};
		92F0B20721C8CE7600F55FC3 /* DJXResponChainTextUITests */ = {
			isa = PBXGroup;
			children = (
				92F0B20821C8CE7600F55FC3 /* DJXResponChainTextUITests.m */,
				92F0B20A21C8CE7600F55FC3 /* Info.plist */,
			);
			path = DJXResponChainTextUITests;
			sourceTree = "<group>";
		};
/* End PBXGroup section */

/* Begin PBXNativeTarget section */
		92F0B1E021C8CE7500F55FC3 /* DJXResponChainText */ = {
			isa = PBXNativeTarget;
			buildConfigurationList = 92F0B20D21C8CE7600F55FC3 /* Build configuration list for PBXNativeTarget "DJXResponChainText" */;
			buildPhases = (
				92F0B1DD21C8CE7500F55FC3 /* Sources */,
				92F0B1DE21C8CE7500F55FC3 /* Frameworks */,
				92F0B1DF21C8CE7500F55FC3 /* Resources */,
			);
			buildRules = (
			);
			dependencies = (
			);
			name = DJXResponChainText;
			productName = DJXResponChainText;
			productReference = 92F0B1E121C8CE7500F55FC3 /* DJXResponChainText.app */;
			productType = "com.apple.product-type.application";
		};
		92F0B1F821C8CE7600F55FC3 /* DJXResponChainTextTests */ = {
			isa = PBXNativeTarget;
			buildConfigurationList = 92F0B21021C8CE7600F55FC3 /* Build configuration list for PBXNativeTarget "DJXResponChainTextTests" */;
			buildPhases = (
				92F0B1F521C8CE7600F55FC3 /* Sources */,
				92F0B1F621C8CE7600F55FC3 /* Frameworks */,
				92F0B1F721C8CE7600F55FC3 /* Resources */,
			);
			buildRules = (
			);
			dependencies = (
				92F0B1FB21C8CE7600F55FC3 /* PBXTargetDependency */,
			);
			name = DJXResponChainTextTests;
			productName = DJXResponChainTextTests;
			productReference = 92F0B1F921C8CE7600F55FC3 /* DJXResponChainTextTests.xctest */;
			productType = "com.apple.product-type.bundle.unit-test";
		};
		92F0B20321C8CE7600F55FC3 /* DJXResponChainTextUITests */ = {
			isa = PBXNativeTarget;
			buildConfigurationList = 92F0B21321C8CE7600F55FC3 /* Build configuration list for PBXNativeTarget "DJXResponChainTextUITests" */;
			buildPhases = (
				92F0B20021C8CE7600F55FC3 /* Sources */,
				92F0B20121C8CE7600F55FC3 /* Frameworks */,
				92F0B20221C8CE7600F55FC3 /* Resources */,
			);
			buildRules = (
			);
			dependencies = (
				92F0B20621C8CE7600F55FC3 /* PBXTargetDependency */,
			);
			name = DJXResponChainTextUITests;
			productName = DJXResponChainTextUITests;
			productReference = 92F0B20421C8CE7600F55FC3 /* DJXResponChainTextUITests.xctest */;
			productType = "com.apple.product-type.bundle.ui-testing";
		};
/* End PBXNativeTarget section */

/* Begin PBXProject section */
		92F0B1D921C8CE7500F55FC3 /* Project object */ = {
			isa = PBXProject;
			attributes = {
				LastUpgradeCheck = 0940;
				ORGANIZATIONNAME = Lenny;
				TargetAttributes = {
					92F0B1E021C8CE7500F55FC3 = {
						CreatedOnToolsVersion = 9.4.1;
					};
					92F0B1F821C8CE7600F55FC3 = {
						CreatedOnToolsVersion = 9.4.1;
						TestTargetID = 92F0B1E021C8CE7500F55FC3;
					};
					92F0B20321C8CE7600F55FC3 = {
						CreatedOnToolsVersion = 9.4.1;
						TestTargetID = 92F0B1E021C8CE7500F55FC3;
					};
				};
			};
			buildConfigurationList = 92F0B1DC21C8CE7500F55FC3 /* Build configuration list for PBXProject "DJXResponChainText" */;
			compatibilityVersion = "Xcode 9.3";
			developmentRegion = en;
			hasScannedForEncodings = 0;
			knownRegions = (
				en,
				Base,
			);
			mainGroup = 92F0B1D821C8CE7500F55FC3;
			productRefGroup = 92F0B1E221C8CE7500F55FC3 /* Products */;
			projectDirPath = "";
			projectRoot = "";
			targets = (
				92F0B1E021C8CE7500F55FC3 /* DJXResponChainText */,
				92F0B1F821C8CE7600F55FC3 /* DJXResponChainTextTests */,
				92F0B20321C8CE7600F55FC3 /* DJXResponChainTextUITests */,
			);
		};
/* End PBXProject section */

/* Begin PBXResourcesBuildPhase section */
		92F0B1DF21C8CE7500F55FC3 /* Resources */ = {
			isa = PBXResourcesBuildPhase;
			buildActionMask = 2147483647;
			files = (
				92F0B1F121C8CE7600F55FC3 /* LaunchScreen.storyboard in Resources */,
				92F0B1EE21C8CE7600F55FC3 /* Assets.xcassets in Resources */,
				92F0B1EC21C8CE7500F55FC3 /* Main.storyboard in Resources */,
			);
			runOnlyForDeploymentPostprocessing = 0;
		};
		92F0B1F721C8CE7600F55FC3 /* Resources */ = {
			isa = PBXResourcesBuildPhase;
			buildActionMask = 2147483647;
			files = (
			);
			runOnlyForDeploymentPostprocessing = 0;
		};
		92F0B20221C8CE7600F55FC3 /* Resources */ = {
			isa = PBXResourcesBuildPhase;
			buildActionMask = 2147483647;
			files = (
			);
			runOnlyForDeploymentPostprocessing = 0;
		};
/* End PBXResourcesBuildPhase section */

/* Begin PBXSourcesBuildPhase section */
		92F0B1DD21C8CE7500F55FC3 /* Sources */ = {
			isa = PBXSourcesBuildPhase;
			buildActionMask = 2147483647;
			files = (
				92F0B1E921C8CE7500F55FC3 /* ViewController.m in Sources */,
				92F0B1F421C8CE7600F55FC3 /* main.m in Sources */,
				92F0B1E621C8CE7500F55FC3 /* AppDelegate.m in Sources */,
			);
			runOnlyForDeploymentPostprocessing = 0;
		};
		92F0B1F521C8CE7600F55FC3 /* Sources */ = {
			isa = PBXSourcesBuildPhase;
			buildActionMask = 2147483647;
			files = (
				92F0B1FE21C8CE7600F55FC3 /* DJXResponChainTextTests.m in Sources */,
			);
			runOnlyForDeploymentPostprocessing = 0;
		};
		92F0B20021C8CE7600F55FC3 /* Sources */ = {
			isa = PBXSourcesBuildPhase;
			buildActionMask = 2147483647;
			files = (
				92F0B20921C8CE7600F55FC3 /* DJXResponChainTextUITests.m in Sources */,
			);
			runOnlyForDeploymentPostprocessing = 0;
		};
/* End PBXSourcesBuildPhase section */

/* Begin PBXTargetDependency section */
		92F0B1FB21C8CE7600F55FC3 /* PBXTargetDependency */ = {
			isa = PBXTargetDependency;
			target = 92F0B1E021C8CE7500F55FC3 /* DJXResponChainText */;
			targetProxy = 92F0B1FA21C8CE7600F55FC3 /* PBXContainerItemProxy */;
		};
		92F0B20621C8CE7600F55FC3 /* PBXTargetDependency */ = {
			isa = PBXTargetDependency;
			target = 92F0B1E021C8CE7500F55FC3 /* DJXResponChainText */;
			targetProxy = 92F0B20521C8CE7600F55FC3 /* PBXContainerItemProxy */;
		};
/* End PBXTargetDependency section */

/* Begin PBXVariantGroup section */
		92F0B1EA21C8CE7500F55FC3 /* Main.storyboard */ = {
			isa = PBXVariantGroup;
			children = (
				92F0B1EB21C8CE7500F55FC3 /* Base */,
			);
			name = Main.storyboard;
			sourceTree = "<group>";
		};
		92F0B1EF21C8CE7600F55FC3 /* LaunchScreen.storyboard */ = {
			isa = PBXVariantGroup;
			children = (
				92F0B1F021C8CE7600F55FC3 /* Base */,
			);
			name = LaunchScreen.storyboard;
			sourceTree = "<group>";
		};
/* End PBXVariantGroup section */

/* Begin XCBuildConfiguration section */
		92F0B20B21C8CE7600F55FC3 /* Debug */ = {
			isa = XCBuildConfiguration;
			buildSettings = {
				ALWAYS_SEARCH_USER_PATHS = NO;
				CLANG_ANALYZER_NONNULL = YES;
				CLANG_ANALYZER_NUMBER_OBJECT_CONVERSION = YES_AGGRESSIVE;
				CLANG_CXX_LANGUAGE_STANDARD = "gnu++14";
				CLANG_CXX_LIBRARY = "libc++";
				CLANG_ENABLE_MODULES = YES;
				CLANG_ENABLE_OBJC_ARC = YES;
				CLANG_ENABLE_OBJC_WEAK = YES;
				CLANG_WARN_BLOCK_CAPTURE_AUTORELEASING = YES;
				CLANG_WARN_BOOL_CONVERSION = YES;
				CLANG_WARN_COMMA = YES;
				CLANG_WARN_CONSTANT_CONVERSION = YES;
				CLANG_WARN_DEPRECATED_OBJC_IMPLEMENTATIONS = YES;
				CLANG_WARN_DIRECT_OBJC_ISA_USAGE = YES_ERROR;
				CLANG_WARN_DOCUMENTATION_COMMENTS = YES;
				CLANG_WARN_EMPTY_BODY = YES;
				CLANG_WARN_ENUM_CONVERSION = YES;
				CLANG_WARN_INFINITE_RECURSION = YES;
				CLANG_WARN_INT_CONVERSION = YES;
				CLANG_WARN_NON_LITERAL_NULL_CONVERSION = YES;
				CLANG_WARN_OBJC_IMPLICIT_RETAIN_SELF = YES;
				CLANG_WARN_OBJC_LITERAL_CONVERSION = YES;
				CLANG_WARN_OBJC_ROOT_CLASS = YES_ERROR;
				CLANG_WARN_RANGE_LOOP_ANALYSIS = YES;
				CLANG_WARN_STRICT_PROTOTYPES = YES;
				CLANG_WARN_SUSPICIOUS_MOVE = YES;
				CLANG_WARN_UNGUARDED_AVAILABILITY = YES_AGGRESSIVE;
				CLANG_WARN_UNREACHABLE_CODE = YES;
				CLANG_WARN__DUPLICATE_METHOD_MATCH = YES;
				CODE_SIGN_IDENTITY = "iPhone Developer";
				COPY_PHASE_STRIP = NO;
				DEBUG_INFORMATION_FORMAT = dwarf;
				ENABLE_STRICT_OBJC_MSGSEND = YES;
				ENABLE_TESTABILITY = YES;
				GCC_C_LANGUAGE_STANDARD = gnu11;
				GCC_DYNAMIC_NO_PIC = NO;
				GCC_NO_COMMON_BLOCKS = YES;
				GCC_OPTIMIZATION_LEVEL = 0;
				GCC_PREPROCESSOR_DEFINITIONS = (
					"DEBUG=1",
					"$(inherited)",
				);
				GCC_WARN_64_TO_32_BIT_CONVERSION = YES;
				GCC_WARN_ABOUT_RETURN_TYPE = YES_ERROR;
				GCC_WARN_UNDECLARED_SELECTOR = YES;
				GCC_WARN_UNINITIALIZED_AUTOS = YES_AGGRESSIVE;
				GCC_WARN_UNUSED_FUNCTION = YES;
				GCC_WARN_UNUSED_VARIABLE = YES;
				IPHONEOS_DEPLOYMENT_TARGET = 11.4;
				MTL_ENABLE_DEBUG_INFO = YES;
				ONLY_ACTIVE_ARCH = YES;
				SDKROOT = iphoneos;
			};
			name = Debug;
		};
		92F0B20C21C8CE7600F55FC3 /* Release */ = {
			isa = XCBuildConfiguration;
			buildSettings = {
				ALWAYS_SEARCH_USER_PATHS = NO;
				CLANG_ANALYZER_NONNULL = YES;
				CLANG_ANALYZER_NUMBER_OBJECT_CONVERSION = YES_AGGRESSIVE;
				CLANG_CXX_LANGUAGE_STANDARD = "gnu++14";
				CLANG_CXX_LIBRARY = "libc++";
				CLANG_ENABLE_MODULES = YES;
				CLANG_ENABLE_OBJC_ARC = YES;
				CLANG_ENABLE_OBJC_WEAK = YES;
				CLANG_WARN_BLOCK_CAPTURE_AUTORELEASING = YES;
				CLANG_WARN_BOOL_CONVERSION = YES;
				CLANG_WARN_COMMA = YES;
				CLANG_WARN_CONSTANT_CONVERSION = YES;
				CLANG_WARN_DEPRECATED_OBJC_IMPLEMENTATIONS = YES;
				CLANG_WARN_DIRECT_OBJC_ISA_USAGE = YES_ERROR;
				CLANG_WARN_DOCUMENTATION_COMMENTS = YES;
				CLANG_WARN_EMPTY_BODY = YES;
				CLANG_WARN_ENUM_CONVERSION = YES;
				CLANG_WARN_INFINITE_RECURSION = YES;
				CLANG_WARN_INT_CONVERSION = YES;
				CLANG_WARN_NON_LITERAL_NULL_CONVERSION = YES;
				CLANG_WARN_OBJC_IMPLICIT_RETAIN_SELF = YES;
				CLANG_WARN_OBJC_LITERAL_CONVERSION = YES;
				CLANG_WARN_OBJC_ROOT_CLASS = YES_ERROR;
				CLANG_WARN_RANGE_LOOP_ANALYSIS = YES;
				CLANG_WARN_STRICT_PROTOTYPES = YES;
				CLANG_WARN_SUSPICIOUS_MOVE = YES;
				CLANG_WARN_UNGUARDED_AVAILABILITY = YES_AGGRESSIVE;
				CLANG_WARN_UNREACHABLE_CODE = YES;
				CLANG_WARN__DUPLICATE_METHOD_MATCH = YES;
				CODE_SIGN_IDENTITY = "iPhone Developer";
				COPY_PHASE_STRIP = NO;
				DEBUG_INFORMATION_FORMAT = "dwarf-with-dsym";
				ENABLE_NS_ASSERTIONS = NO;
				ENABLE_STRICT_OBJC_MSGSEND = YES;
				GCC_C_LANGUAGE_STANDARD = gnu11;
				GCC_NO_COMMON_BLOCKS = YES;
				GCC_WARN_64_TO_32_BIT_CONVERSION = YES;
				GCC_WARN_ABOUT_RETURN_TYPE = YES_ERROR;
				GCC_WARN_UNDECLARED_SELECTOR = YES;
				GCC_WARN_UNINITIALIZED_AUTOS = YES_AGGRESSIVE;
				GCC_WARN_UNUSED_FUNCTION = YES;
				GCC_WARN_UNUSED_VARIABLE = YES;
				IPHONEOS_DEPLOYMENT_TARGET = 11.4;
				MTL_ENABLE_DEBUG_INFO = NO;
				SDKROOT = iphoneos;
				VALIDATE_PRODUCT = YES;
			};
			name = Release;
		};
		92F0B20E21C8CE7600F55FC3 /* Debug */ = {
			isa = XCBuildConfiguration;
			buildSettings = {
				ASSETCATALOG_COMPILER_APPICON_NAME = AppIcon;
				CODE_SIGN_STYLE = Automatic;
				INFOPLIST_FILE = DJXResponChainText/Info.plist;
				LD_RUNPATH_SEARCH_PATHS = (
					"$(inherited)",
					"@executable_path/Frameworks",
				);
				PRODUCT_BUNDLE_IDENTIFIER = test.DJXResponChainText;
				PRODUCT_NAME = "$(TARGET_NAME)";
				TARGETED_DEVICE_FAMILY = "1,2";
			};
			name = Debug;
		};
		92F0B20F21C8CE7600F55FC3 /* Release */ = {
			isa = XCBuildConfiguration;
			buildSettings = {
				ASSETCATALOG_COMPILER_APPICON_NAME = AppIcon;
				CODE_SIGN_STYLE = Automatic;
				INFOPLIST_FILE = DJXResponChainText/Info.plist;
				LD_RUNPATH_SEARCH_PATHS = (
					"$(inherited)",
					"@executable_path/Frameworks",
				);
				PRODUCT_BUNDLE_IDENTIFIER = test.DJXResponChainText;
				PRODUCT_NAME = "$(TARGET_NAME)";
				TARGETED_DEVICE_FAMILY = "1,2";
			};
			name = Release;
		};
		92F0B21121C8CE7600F55FC3 /* Debug */ = {
			isa = XCBuildConfiguration;
			buildSettings = {
				BUNDLE_LOADER = "$(TEST_HOST)";
				CODE_SIGN_STYLE = Automatic;
				INFOPLIST_FILE = DJXResponChainTextTests/Info.plist;
				LD_RUNPATH_SEARCH_PATHS = (
					"$(inherited)",
					"@executable_path/Frameworks",
					"@loader_path/Frameworks",
				);
				PRODUCT_BUNDLE_IDENTIFIER = test.DJXResponChainTextTests;
				PRODUCT_NAME = "$(TARGET_NAME)";
				TARGETED_DEVICE_FAMILY = "1,2";
				TEST_HOST = "$(BUILT_PRODUCTS_DIR)/DJXResponChainText.app/DJXResponChainText";
			};
			name = Debug;
		};
		92F0B21221C8CE7600F55FC3 /* Release */ = {
			isa = XCBuildConfiguration;
			buildSettings = {
				BUNDLE_LOADER = "$(TEST_HOST)";
				CODE_SIGN_STYLE = Automatic;
				INFOPLIST_FILE = DJXResponChainTextTests/Info.plist;
				LD_RUNPATH_SEARCH_PATHS = (
					"$(inherited)",
					"@executable_path/Frameworks",
					"@loader_path/Frameworks",
				);
				PRODUCT_BUNDLE_IDENTIFIER = test.DJXResponChainTextTests;
				PRODUCT_NAME = "$(TARGET_NAME)";
				TARGETED_DEVICE_FAMILY = "1,2";
				TEST_HOST = "$(BUILT_PRODUCTS_DIR)/DJXResponChainText.app/DJXResponChainText";
			};
			name = Release;
		};
		92F0B21421C8CE7600F55FC3 /* Debug */ = {
			isa = XCBuildConfiguration;
			buildSettings = {
				CODE_SIGN_STYLE = Automatic;
				INFOPLIST_FILE = DJXResponChainTextUITests/Info.plist;
				LD_RUNPATH_SEARCH_PATHS = (
					"$(inherited)",
					"@executable_path/Frameworks",
					"@loader_path/Frameworks",
				);
				PRODUCT_BUNDLE_IDENTIFIER = test.DJXResponChainTextUITests;
				PRODUCT_NAME = "$(TARGET_NAME)";
				TARGETED_DEVICE_FAMILY = "1,2";
				TEST_TARGET_NAME = DJXResponChainText;
			};
			name = Debug;
		};
		92F0B21521C8CE7600F55FC3 /* Release */ = {
			isa = XCBuildConfiguration;
			buildSettings = {
				CODE_SIGN_STYLE = Automatic;
				INFOPLIST_FILE = DJXResponChainTextUITests/Info.plist;
				LD_RUNPATH_SEARCH_PATHS = (
					"$(inherited)",
					"@executable_path/Frameworks",
					"@loader_path/Frameworks",
				);
				PRODUCT_BUNDLE_IDENTIFIER = test.DJXResponChainTextUITests;
				PRODUCT_NAME = "$(TARGET_NAME)";
				TARGETED_DEVICE_FAMILY = "1,2";
				TEST_TARGET_NAME = DJXResponChainText;
			};
			name = Release;
		};
/* End XCBuildConfiguration section */

/* Begin XCConfigurationList section */
		92F0B1DC21C8CE7500F55FC3 /* Build configuration list for PBXProject "DJXResponChainText" */ = {
			isa = XCConfigurationList;
			buildConfigurations = (
				92F0B20B21C8CE7600F55FC3 /* Debug */,
				92F0B20C21C8CE7600F55FC3 /* Release */,
			);
			defaultConfigurationIsVisible = 0;
			defaultConfigurationName = Release;
		};
		92F0B20D21C8CE7600F55FC3 /* Build configuration list for PBXNativeTarget "DJXResponChainText" */ = {
			isa = XCConfigurationList;
			buildConfigurations = (
				92F0B20E21C8CE7600F55FC3 /* Debug */,
				92F0B20F21C8CE7600F55FC3 /* Release */,
			);
			defaultConfigurationIsVisible = 0;
			defaultConfigurationName = Release;
		};
		92F0B21021C8CE7600F55FC3 /* Build configuration list for PBXNativeTarget "DJXResponChainTextTests" */ = {
			isa = XCConfigurationList;
			buildConfigurations = (
				92F0B21121C8CE7600F55FC3 /* Debug */,
				92F0B21221C8CE7600F55FC3 /* Release */,
			);
			defaultConfigurationIsVisible = 0;
			defaultConfigurationName = Release;
		};
		92F0B21321C8CE7600F55FC3 /* Build configuration list for PBXNativeTarget "DJXResponChainTextUITests" */ = {
			isa = XCConfigurationList;
			buildConfigurations = (
				92F0B21421C8CE7600F55FC3 /* Debug */,
				92F0B21521C8CE7600F55FC3 /* Release */,
			);
			defaultConfigurationIsVisible = 0;
			defaultConfigurationName = Release;
		};
/* End XCConfigurationList section */
	};
	rootObject = 92F0B1D921C8CE7500F55FC3 /* Project object */;
}
